// !$*UTF8*$!
{
	archiveVersion = 1;
	classes = {
	};
	objectVersion = 50;
	objects = {

/* Begin PBXBuildFile section */
		F1735FC4256A5BED00FECBD8 /* KabaFire.h in Headers */ = {isa = PBXBuildFile; fileRef = F1735FC2256A5BED00FECBD8 /* KabaFire.h */; settings = {ATTRIBUTES = (Public, ); }; };
		F1735FCB256A5C0800FECBD8 /* KabaFire.swift in Sources */ = {isa = PBXBuildFile; fileRef = F1735FCA256A5C0800FECBD8 /* KabaFire.swift */; };
		F1735FD3256A731500FECBD8 /* AppDelegate.swift in Sources */ = {isa = PBXBuildFile; fileRef = F1735FD2256A731500FECBD8 /* AppDelegate.swift */; };
		F1735FD5256A731500FECBD8 /* SceneDelegate.swift in Sources */ = {isa = PBXBuildFile; fileRef = F1735FD4256A731500FECBD8 /* SceneDelegate.swift */; };
		F1735FD7256A731500FECBD8 /* ViewController.swift in Sources */ = {isa = PBXBuildFile; fileRef = F1735FD6256A731500FECBD8 /* ViewController.swift */; };
		F1735FDA256A731500FECBD8 /* Main.storyboard in Resources */ = {isa = PBXBuildFile; fileRef = F1735FD8256A731500FECBD8 /* Main.storyboard */; };
		F1735FDC256A731800FECBD8 /* Assets.xcassets in Resources */ = {isa = PBXBuildFile; fileRef = F1735FDB256A731800FECBD8 /* Assets.xcassets */; };
		F1735FDF256A731800FECBD8 /* LaunchScreen.storyboard in Resources */ = {isa = PBXBuildFile; fileRef = F1735FDD256A731800FECBD8 /* LaunchScreen.storyboard */; };
/* End PBXBuildFile section */

/* Begin PBXFileReference section */
		F1735FBF256A5BED00FECBD8 /* KabaFire.framework */ = {isa = PBXFileReference; explicitFileType = wrapper.framework; includeInIndex = 0; path = KabaFire.framework; sourceTree = BUILT_PRODUCTS_DIR; };
		F1735FC2256A5BED00FECBD8 /* KabaFire.h */ = {isa = PBXFileReference; lastKnownFileType = sourcecode.c.h; path = KabaFire.h; sourceTree = "<group>"; };
		F1735FC3256A5BED00FECBD8 /* Info.plist */ = {isa = PBXFileReference; lastKnownFileType = text.plist.xml; path = Info.plist; sourceTree = "<group>"; };
		F1735FCA256A5C0800FECBD8 /* KabaFire.swift */ = {isa = PBXFileReference; lastKnownFileType = sourcecode.swift; path = KabaFire.swift; sourceTree = "<group>"; };
		F1735FD0256A731500FECBD8 /* Demo.app */ = {isa = PBXFileReference; explicitFileType = wrapper.application; includeInIndex = 0; path = Demo.app; sourceTree = BUILT_PRODUCTS_DIR; };
		F1735FD2256A731500FECBD8 /* AppDelegate.swift */ = {isa = PBXFileReference; lastKnownFileType = sourcecode.swift; path = AppDelegate.swift; sourceTree = "<group>"; };
		F1735FD4256A731500FECBD8 /* SceneDelegate.swift */ = {isa = PBXFileReference; lastKnownFileType = sourcecode.swift; path = SceneDelegate.swift; sourceTree = "<group>"; };
		F1735FD6256A731500FECBD8 /* ViewController.swift */ = {isa = PBXFileReference; lastKnownFileType = sourcecode.swift; path = ViewController.swift; sourceTree = "<group>"; };
		F1735FD9256A731500FECBD8 /* Base */ = {isa = PBXFileReference; lastKnownFileType = file.storyboard; name = Base; path = Base.lproj/Main.storyboard; sourceTree = "<group>"; };
		F1735FDB256A731800FECBD8 /* Assets.xcassets */ = {isa = PBXFileReference; lastKnownFileType = folder.assetcatalog; path = Assets.xcassets; sourceTree = "<group>"; };
		F1735FDE256A731800FECBD8 /* Base */ = {isa = PBXFileReference; lastKnownFileType = file.storyboard; name = Base; path = Base.lproj/LaunchScreen.storyboard; sourceTree = "<group>"; };
		F1735FE0256A731800FECBD8 /* Info.plist */ = {isa = PBXFileReference; lastKnownFileType = text.plist.xml; path = Info.plist; sourceTree = "<group>"; };
/* End PBXFileReference section */

/* Begin PBXFrameworksBuildPhase section */
		F1735FBC256A5BED00FECBD8 /* Frameworks */ = {
			isa = PBXFrameworksBuildPhase;
			buildActionMask = 2147483647;
			files = (
			);
			runOnlyForDeploymentPostprocessing = 0;
		};
		F1735FCD256A731500FECBD8 /* Frameworks */ = {
			isa = PBXFrameworksBuildPhase;
			buildActionMask = 2147483647;
			files = (
			);
			runOnlyForDeploymentPostprocessing = 0;
		};
/* End PBXFrameworksBuildPhase section */

/* Begin PBXGroup section */
		F1735FB5256A5BED00FECBD8 = {
			isa = PBXGroup;
			children = (
				F1735FC1256A5BED00FECBD8 /* KabaFire */,
				F1735FD1256A731500FECBD8 /* Demo */,
				F1735FC0256A5BED00FECBD8 /* Products */,
			);
			sourceTree = "<group>";
		};
		F1735FC0256A5BED00FECBD8 /* Products */ = {
			isa = PBXGroup;
			children = (
				F1735FBF256A5BED00FECBD8 /* KabaFire.framework */,
				F1735FD0256A731500FECBD8 /* Demo.app */,
			);
			name = Products;
			sourceTree = "<group>";
		};
		F1735FC1256A5BED00FECBD8 /* KabaFire */ = {
			isa = PBXGroup;
			children = (
				F1735FC2256A5BED00FECBD8 /* KabaFire.h */,
				F1735FC3256A5BED00FECBD8 /* Info.plist */,
				F1735FCA256A5C0800FECBD8 /* KabaFire.swift */,
			);
			path = KabaFire;
			sourceTree = "<group>";
		};
		F1735FD1256A731500FECBD8 /* Demo */ = {
			isa = PBXGroup;
			children = (
				F1735FD2256A731500FECBD8 /* AppDelegate.swift */,
				F1735FD4256A731500FECBD8 /* SceneDelegate.swift */,
				F1735FD6256A731500FECBD8 /* ViewController.swift */,
				F1735FD8256A731500FECBD8 /* Main.storyboard */,
				F1735FDB256A731800FECBD8 /* Assets.xcassets */,
				F1735FDD256A731800FECBD8 /* LaunchScreen.storyboard */,
				F1735FE0256A731800FECBD8 /* Info.plist */,
			);
			path = Demo;
			sourceTree = "<group>";
		};
/* End PBXGroup section */

/* Begin PBXHeadersBuildPhase section */
		F1735FBA256A5BED00FECBD8 /* Headers */ = {
			isa = PBXHeadersBuildPhase;
			buildActionMask = 2147483647;
			files = (
				F1735FC4256A5BED00FECBD8 /* KabaFire.h in Headers */,
			);
			runOnlyForDeploymentPostprocessing = 0;
		};
/* End PBXHeadersBuildPhase section */

/* Begin PBXNativeTarget section */
		F1735FBE256A5BED00FECBD8 /* KabaFire */ = {
			isa = PBXNativeTarget;
			buildConfigurationList = F1735FC7256A5BED00FECBD8 /* Build configuration list for PBXNativeTarget "KabaFire" */;
			buildPhases = (
				F1735FBA256A5BED00FECBD8 /* Headers */,
				F1735FBB256A5BED00FECBD8 /* Sources */,
				F1735FBC256A5BED00FECBD8 /* Frameworks */,
				F1735FBD256A5BED00FECBD8 /* Resources */,
			);
			buildRules = (
			);
			dependencies = (
			);
			name = KabaFire;
			productName = KabaFire;
			productReference = F1735FBF256A5BED00FECBD8 /* KabaFire.framework */;
			productType = "com.apple.product-type.framework";
		};
		F1735FCF256A731500FECBD8 /* Demo */ = {
			isa = PBXNativeTarget;
			buildConfigurationList = F1735FE1256A731800FECBD8 /* Build configuration list for PBXNativeTarget "Demo" */;
			buildPhases = (
				F1735FCC256A731500FECBD8 /* Sources */,
				F1735FCD256A731500FECBD8 /* Frameworks */,
				F1735FCE256A731500FECBD8 /* Resources */,
			);
			buildRules = (
			);
			dependencies = (
			);
			name = Demo;
			productName = Demo;
			productReference = F1735FD0256A731500FECBD8 /* Demo.app */;
			productType = "com.apple.product-type.application";
		};
/* End PBXNativeTarget section */

/* Begin PBXProject section */
		F1735FB6256A5BED00FECBD8 /* Project object */ = {
			isa = PBXProject;
			attributes = {
				LastSwiftUpdateCheck = 1140;
				LastUpgradeCheck = 1140;
				ORGANIZATIONNAME = "Taiki Kabaya";
				TargetAttributes = {
					F1735FBE256A5BED00FECBD8 = {
						CreatedOnToolsVersion = 11.4;
						LastSwiftMigration = 1140;
					};
					F1735FCF256A731500FECBD8 = {
						CreatedOnToolsVersion = 11.4;
					};
				};
			};
			buildConfigurationList = F1735FB9256A5BED00FECBD8 /* Build configuration list for PBXProject "KabaFire" */;
			compatibilityVersion = "Xcode 9.3";
			developmentRegion = en;
			hasScannedForEncodings = 0;
			knownRegions = (
				en,
				Base,
			);
			mainGroup = F1735FB5256A5BED00FECBD8;
			productRefGroup = F1735FC0256A5BED00FECBD8 /* Products */;
			projectDirPath = "";
			projectRoot = "";
			targets = (
				F1735FBE256A5BED00FECBD8 /* KabaFire */,
				F1735FCF256A731500FECBD8 /* Demo */,
			);
		};
/* End PBXProject section */

/* Begin PBXResourcesBuildPhase section */
		F1735FBD256A5BED00FECBD8 /* Resources */ = {
			isa = PBXResourcesBuildPhase;
			buildActionMask = 2147483647;
			files = (
			);
			runOnlyForDeploymentPostprocessing = 0;
		};
		F1735FCE256A731500FECBD8 /* Resources */ = {
			isa = PBXResourcesBuildPhase;
			buildActionMask = 2147483647;
			files = (
				F1735FDF256A731800FECBD8 /* LaunchScreen.storyboard in Resources */,
				F1735FDC256A731800FECBD8 /* Assets.xcassets in Resources */,
				F1735FDA256A731500FECBD8 /* Main.storyboard in Resources */,
			);
			runOnlyForDeploymentPostprocessing = 0;
		};
/* End PBXResourcesBuildPhase section */

/* Begin PBXSourcesBuildPhase section */
		F1735FBB256A5BED00FECBD8 /* Sources */ = {
			isa = PBXSourcesBuildPhase;
			buildActionMask = 2147483647;
			files = (
				F1735FCB256A5C0800FECBD8 /* KabaFire.swift in Sources */,
			);
			runOnlyForDeploymentPostprocessing = 0;
		};
		F1735FCC256A731500FECBD8 /* Sources */ = {
			isa = PBXSourcesBuildPhase;
			buildActionMask = 2147483647;
			files = (
				F1735FD7256A731500FECBD8 /* ViewController.swift in Sources */,
				F1735FD3256A731500FECBD8 /* AppDelegate.swift in Sources */,
				F1735FD5256A731500FECBD8 /* SceneDelegate.swift in Sources */,
			);
			runOnlyForDeploymentPostprocessing = 0;
		};
/* End PBXSourcesBuildPhase section */

/* Begin PBXVariantGroup section */
		F1735FD8256A731500FECBD8 /* Main.storyboard */ = {
			isa = PBXVariantGroup;
			children = (
				F1735FD9256A731500FECBD8 /* Base */,
			);
			name = Main.storyboard;
			sourceTree = "<group>";
		};
		F1735FDD256A731800FECBD8 /* LaunchScreen.storyboard */ = {
			isa = PBXVariantGroup;
			children = (
				F1735FDE256A731800FECBD8 /* Base */,
			);
			name = LaunchScreen.storyboard;
			sourceTree = "<group>";
		};
/* End PBXVariantGroup section */

/* Begin XCBuildConfiguration section */
		F1735FC5256A5BED00FECBD8 /* Debug */ = {
			isa = XCBuildConfiguration;
			buildSettings = {
				ALWAYS_SEARCH_USER_PATHS = NO;
				CLANG_ANALYZER_NONNULL = YES;
				CLANG_ANALYZER_NUMBER_OBJECT_CONVERSION = YES_AGGRESSIVE;
				CLANG_CXX_LANGUAGE_STANDARD = "gnu++14";
				CLANG_CXX_LIBRARY = "libc++";
				CLANG_ENABLE_MODULES = YES;
				CLANG_ENABLE_OBJC_ARC = YES;
				CLANG_ENABLE_OBJC_WEAK = YES;
				CLANG_WARN_BLOCK_CAPTURE_AUTORELEASING = YES;
				CLANG_WARN_BOOL_CONVERSION = YES;
				CLANG_WARN_COMMA = YES;
				CLANG_WARN_CONSTANT_CONVERSION = YES;
				CLANG_WARN_DEPRECATED_OBJC_IMPLEMENTATIONS = YES;
				CLANG_WARN_DIRECT_OBJC_ISA_USAGE = YES_ERROR;
				CLANG_WARN_DOCUMENTATION_COMMENTS = YES;
				CLANG_WARN_EMPTY_BODY = YES;
				CLANG_WARN_ENUM_CONVERSION = YES;
				CLANG_WARN_INFINITE_RECURSION = YES;
				CLANG_WARN_INT_CONVERSION = YES;
				CLANG_WARN_NON_LITERAL_NULL_CONVERSION = YES;
				CLANG_WARN_OBJC_IMPLICIT_RETAIN_SELF = YES;
				CLANG_WARN_OBJC_LITERAL_CONVERSION = YES;
				CLANG_WARN_OBJC_ROOT_CLASS = YES_ERROR;
				CLANG_WARN_RANGE_LOOP_ANALYSIS = YES;
				CLANG_WARN_STRICT_PROTOTYPES = YES;
				CLANG_WARN_SUSPICIOUS_MOVE = YES;
				CLANG_WARN_UNGUARDED_AVAILABILITY = YES_AGGRESSIVE;
				CLANG_WARN_UNREACHABLE_CODE = YES;
				CLANG_WARN__DUPLICATE_METHOD_MATCH = YES;
				COPY_PHASE_STRIP = NO;
				CURRENT_PROJECT_VERSION = 1;
				DEBUG_INFORMATION_FORMAT = dwarf;
				ENABLE_STRICT_OBJC_MSGSEND = YES;
				ENABLE_TESTABILITY = YES;
				GCC_C_LANGUAGE_STANDARD = gnu11;
				GCC_DYNAMIC_NO_PIC = NO;
				GCC_NO_COMMON_BLOCKS = YES;
				GCC_OPTIMIZATION_LEVEL = 0;
				GCC_PREPROCESSOR_DEFINITIONS = (
					"DEBUG=1",
					"$(inherited)",
				);
				GCC_WARN_64_TO_32_BIT_CONVERSION = YES;
				GCC_WARN_ABOUT_RETURN_TYPE = YES_ERROR;
				GCC_WARN_UNDECLARED_SELECTOR = YES;
				GCC_WARN_UNINITIALIZED_AUTOS = YES_AGGRESSIVE;
				GCC_WARN_UNUSED_FUNCTION = YES;
				GCC_WARN_UNUSED_VARIABLE = YES;
				IPHONEOS_DEPLOYMENT_TARGET = 13.4;
				MTL_ENABLE_DEBUG_INFO = INCLUDE_SOURCE;
				MTL_FAST_MATH = YES;
				ONLY_ACTIVE_ARCH = YES;
				SDKROOT = iphoneos;
				SWIFT_ACTIVE_COMPILATION_CONDITIONS = DEBUG;
				SWIFT_OPTIMIZATION_LEVEL = "-Onone";
				VERSIONING_SYSTEM = "apple-generic";
				VERSION_INFO_PREFIX = "";
			};
			name = Debug;
		};
		F1735FC6256A5BED00FECBD8 /* Release */ = {
			isa = XCBuildConfiguration;
			buildSettings = {
				ALWAYS_SEARCH_USER_PATHS = NO;
				CLANG_ANALYZER_NONNULL = YES;
				CLANG_ANALYZER_NUMBER_OBJECT_CONVERSION = YES_AGGRESSIVE;
				CLANG_CXX_LANGUAGE_STANDARD = "gnu++14";
				CLANG_CXX_LIBRARY = "libc++";
				CLANG_ENABLE_MODULES = YES;
				CLANG_ENABLE_OBJC_ARC = YES;
				CLANG_ENABLE_OBJC_WEAK = YES;
				CLANG_WARN_BLOCK_CAPTURE_AUTORELEASING = YES;
				CLANG_WARN_BOOL_CONVERSION = YES;
				CLANG_WARN_COMMA = YES;
				CLANG_WARN_CONSTANT_CONVERSION = YES;
				CLANG_WARN_DEPRECATED_OBJC_IMPLEMENTATIONS = YES;
				CLANG_WARN_DIRECT_OBJC_ISA_USAGE = YES_ERROR;
				CLANG_WARN_DOCUMENTATION_COMMENTS = YES;
				CLANG_WARN_EMPTY_BODY = YES;
				CLANG_WARN_ENUM_CONVERSION = YES;
				CLANG_WARN_INFINITE_RECURSION = YES;
				CLANG_WARN_INT_CONVERSION = YES;
				CLANG_WARN_NON_LITERAL_NULL_CONVERSION = YES;
				CLANG_WARN_OBJC_IMPLICIT_RETAIN_SELF = YES;
				CLANG_WARN_OBJC_LITERAL_CONVERSION = YES;
				CLANG_WARN_OBJC_ROOT_CLASS = YES_ERROR;
				CLANG_WARN_RANGE_LOOP_ANALYSIS = YES;
				CLANG_WARN_STRICT_PROTOTYPES = YES;
				CLANG_WARN_SUSPICIOUS_MOVE = YES;
				CLANG_WARN_UNGUARDED_AVAILABILITY = YES_AGGRESSIVE;
				CLANG_WARN_UNREACHABLE_CODE = YES;
				CLANG_WARN__DUPLICATE_METHOD_MATCH = YES;
				COPY_PHASE_STRIP = NO;
				CURRENT_PROJECT_VERSION = 1;
				DEBUG_INFORMATION_FORMAT = "dwarf-with-dsym";
				ENABLE_NS_ASSERTIONS = NO;
				ENABLE_STRICT_OBJC_MSGSEND = YES;
				GCC_C_LANGUAGE_STANDARD = gnu11;
				GCC_NO_COMMON_BLOCKS = YES;
				GCC_WARN_64_TO_32_BIT_CONVERSION = YES;
				GCC_WARN_ABOUT_RETURN_TYPE = YES_ERROR;
				GCC_WARN_UNDECLARED_SELECTOR = YES;
				GCC_WARN_UNINITIALIZED_AUTOS = YES_AGGRESSIVE;
				GCC_WARN_UNUSED_FUNCTION = YES;
				GCC_WARN_UNUSED_VARIABLE = YES;
				IPHONEOS_DEPLOYMENT_TARGET = 13.4;
				MTL_ENABLE_DEBUG_INFO = NO;
				MTL_FAST_MATH = YES;
				SDKROOT = iphoneos;
				SWIFT_COMPILATION_MODE = wholemodule;
				SWIFT_OPTIMIZATION_LEVEL = "-O";
				VALIDATE_PRODUCT = YES;
				VERSIONING_SYSTEM = "apple-generic";
				VERSION_INFO_PREFIX = "";
			};
			name = Release;
		};
		F1735FC8256A5BED00FECBD8 /* Debug */ = {
			isa = XCBuildConfiguration;
			buildSettings = {
				CLANG_ENABLE_MODULES = YES;
				CODE_SIGN_STYLE = Automatic;
				DEFINES_MODULE = YES;
				DEVELOPMENT_TEAM = B8RK6Y939F;
				DYLIB_COMPATIBILITY_VERSION = 1;
				DYLIB_CURRENT_VERSION = 1;
				DYLIB_INSTALL_NAME_BASE = "@rpath";
				INFOPLIST_FILE = KabaFire/Info.plist;
				INSTALL_PATH = "$(LOCAL_LIBRARY_DIR)/Frameworks";
				LD_RUNPATH_SEARCH_PATHS = (
					"$(inherited)",
					"@executable_path/Frameworks",
					"@loader_path/Frameworks",
				);
				PRODUCT_BUNDLE_IDENTIFIER = com.kabaya.taiki.tutorial.KabaFire;
				PRODUCT_NAME = "$(TARGET_NAME:c99extidentifier)";
				SKIP_INSTALL = YES;
				SWIFT_OPTIMIZATION_LEVEL = "-Onone";
				SWIFT_VERSION = 5.0;
				TARGETED_DEVICE_FAMILY = "1,2";
			};
			name = Debug;
		};
		F1735FC9256A5BED00FECBD8 /* Release */ = {
			isa = XCBuildConfiguration;
			buildSettings = {
				CLANG_ENABLE_MODULES = YES;
				CODE_SIGN_STYLE = Automatic;
				DEFINES_MODULE = YES;
				DEVELOPMENT_TEAM = B8RK6Y939F;
				DYLIB_COMPATIBILITY_VERSION = 1;
				DYLIB_CURRENT_VERSION = 1;
				DYLIB_INSTALL_NAME_BASE = "@rpath";
				INFOPLIST_FILE = KabaFire/Info.plist;
				INSTALL_PATH = "$(LOCAL_LIBRARY_DIR)/Frameworks";
				LD_RUNPATH_SEARCH_PATHS = (
					"$(inherited)",
					"@executable_path/Frameworks",
					"@loader_path/Frameworks",
				);
				PRODUCT_BUNDLE_IDENTIFIER = com.kabaya.taiki.tutorial.KabaFire;
				PRODUCT_NAME = "$(TARGET_NAME:c99extidentifier)";
				SKIP_INSTALL = YES;
				SWIFT_VERSION = 5.0;
				TARGETED_DEVICE_FAMILY = "1,2";
			};
			name = Release;
		};
		F1735FE2256A731800FECBD8 /* Debug */ = {
			isa = XCBuildConfiguration;
			buildSettings = {
				ASSETCATALOG_COMPILER_APPICON_NAME = AppIcon;
				CODE_SIGN_STYLE = Automatic;
				DEVELOPMENT_TEAM = B8RK6Y939F;
				INFOPLIST_FILE = Demo/Info.plist;
				LD_RUNPATH_SEARCH_PATHS = (
					"$(inherited)",
					"@executable_path/Frameworks",
				);
				PRODUCT_BUNDLE_IDENTIFIER = com.kabaya.taiki.tutorial.Demo;
				PRODUCT_NAME = "$(TARGET_NAME)";
				SWIFT_VERSION = 5.0;
				TARGETED_DEVICE_FAMILY = "1,2";
			};
			name = Debug;
		};
		F1735FE3256A731800FECBD8 /* Release */ = {
			isa = XCBuildConfiguration;
			buildSettings = {
				ASSETCATALOG_COMPILER_APPICON_NAME = AppIcon;
				CODE_SIGN_STYLE = Automatic;
				DEVELOPMENT_TEAM = B8RK6Y939F;
				INFOPLIST_FILE = Demo/Info.plist;
				LD_RUNPATH_SEARCH_PATHS = (
					"$(inherited)",
					"@executable_path/Frameworks",
				);
				PRODUCT_BUNDLE_IDENTIFIER = com.kabaya.taiki.tutorial.Demo;
				PRODUCT_NAME = "$(TARGET_NAME)";
				SWIFT_VERSION = 5.0;
				TARGETED_DEVICE_FAMILY = "1,2";
			};
			name = Release;
		};
/* End XCBuildConfiguration section */

/* Begin XCConfigurationList section */
		F1735FB9256A5BED00FECBD8 /* Build configuration list for PBXProject "KabaFire" */ = {
			isa = XCConfigurationList;
			buildConfigurations = (
				F1735FC5256A5BED00FECBD8 /* Debug */,
				F1735FC6256A5BED00FECBD8 /* Release */,
			);
			defaultConfigurationIsVisible = 0;
			defaultConfigurationName = Release;
		};
		F1735FC7256A5BED00FECBD8 /* Build configuration list for PBXNativeTarget "KabaFire" */ = {
			isa = XCConfigurationList;
			buildConfigurations = (
				F1735FC8256A5BED00FECBD8 /* Debug */,
				F1735FC9256A5BED00FECBD8 /* Release */,
			);
			defaultConfigurationIsVisible = 0;
			defaultConfigurationName = Release;
		};
		F1735FE1256A731800FECBD8 /* Build configuration list for PBXNativeTarget "Demo" */ = {
			isa = XCConfigurationList;
			buildConfigurations = (
				F1735FE2256A731800FECBD8 /* Debug */,
				F1735FE3256A731800FECBD8 /* Release */,
			);
			defaultConfigurationIsVisible = 0;
			defaultConfigurationName = Release;
		};
/* End XCConfigurationList section */
	};
	rootObject = F1735FB6256A5BED00FECBD8 /* Project object */;
}
